
Microsoft Visual Studio Solution File, Format Version 12.00
# Visual Studio 15
VisualStudioVersion = 15.0.27130.2027
MinimumVisualStudioVersion = 10.0.40219.1
Project("{9A19103F-16F7-4668-BE54-9A1E7A4F7556}") = "Equatable.Fody", "Equatable.Fody\Equatable.Fody.csproj", "{C7A72DAC-75AC-4C7A-B6F5-2DFF34B40116}"
EndProject
Project("{FAE04EC0-301F-11D3-BF4B-00C04F79EFBC}") = "Nuget", "NuGet\Nuget.csproj", "{878E96F1-3F27-4969-AC21-A66C7FA1ADF2}"
EndProject
Project("{9A19103F-16F7-4668-BE54-9A1E7A4F7556}") = "Tests", "Tests\Tests.csproj", "{B3C4B812-EFBB-4261-BF94-7BFC57CFAA9F}"
EndProject
Project("{9A19103F-16F7-4668-BE54-9A1E7A4F7556}") = "AssemblyToProcess", "AssemblyToProcess\AssemblyToProcess.csproj", "{270EBFBC-0421-4522-AA40-84D66238A19F}"
EndProject
Project("{9A19103F-16F7-4668-BE54-9A1E7A4F7556}") = "Equatable", "Equatable\Equatable.csproj", "{01389226-C922-4138-A470-C9C491577467}"
EndProject
Project("{2150E333-8FDC-42A3-9474-1A3956D46DE8}") = "Solution Items", "Solution Items", "{E4F188C1-0FC6-4F7D-BC8D-C8C299784042}"
	ProjectSection(SolutionItems) = preProject
		LICENSE = LICENSE
		README.md = README.md
		Version.cs = Version.cs
	EndProjectSection
EndProject
Project("{FAE04EC0-301F-11D3-BF4B-00C04F79EFBC}") = "NetStandardSmokeTest", "NetStandardSmokeTest\NetStandardSmokeTest.csproj", "{B5FF1497-E462-4979-A3E2-D9913F9BE444}"
EndProject
Global
	GlobalSection(SolutionConfigurationPlatforms) = preSolution
		Debug|Any CPU = Debug|Any CPU
		Release|Any CPU = Release|Any CPU
	EndGlobalSection
	GlobalSection(ProjectConfigurationPlatforms) = postSolution
		{C7A72DAC-75AC-4C7A-B6F5-2DFF34B40116}.Debug|Any CPU.ActiveCfg = Debug|Any CPU
		{C7A72DAC-75AC-4C7A-B6F5-2DFF34B40116}.Debug|Any CPU.Build.0 = Debug|Any CPU
		{C7A72DAC-75AC-4C7A-B6F5-2DFF34B40116}.Release|Any CPU.ActiveCfg = Release|Any CPU
		{C7A72DAC-75AC-4C7A-B6F5-2DFF34B40116}.Release|Any CPU.Build.0 = Release|Any CPU
		{878E96F1-3F27-4969-AC21-A66C7FA1ADF2}.Debug|Any CPU.ActiveCfg = Debug|Any CPU
		{878E96F1-3F27-4969-AC21-A66C7FA1ADF2}.Debug|Any CPU.Build.0 = Debug|Any CPU
		{878E96F1-3F27-4969-AC21-A66C7FA1ADF2}.Release|Any CPU.ActiveCfg = Release|Any CPU
		{878E96F1-3F27-4969-AC21-A66C7FA1ADF2}.Release|Any CPU.Build.0 = Release|Any CPU
		{B3C4B812-EFBB-4261-BF94-7BFC57CFAA9F}.Debug|Any CPU.ActiveCfg = Debug|Any CPU
		{B3C4B812-EFBB-4261-BF94-7BFC57CFAA9F}.Debug|Any CPU.Build.0 = Debug|Any CPU
		{B3C4B812-EFBB-4261-BF94-7BFC57CFAA9F}.Release|Any CPU.ActiveCfg = Release|Any CPU
		{B3C4B812-EFBB-4261-BF94-7BFC57CFAA9F}.Release|Any CPU.Build.0 = Release|Any CPU
		{270EBFBC-0421-4522-AA40-84D66238A19F}.Debug|Any CPU.ActiveCfg = Debug|Any CPU
		{270EBFBC-0421-4522-AA40-84D66238A19F}.Debug|Any CPU.Build.0 = Debug|Any CPU
		{270EBFBC-0421-4522-AA40-84D66238A19F}.Release|Any CPU.ActiveCfg = Release|Any CPU
		{270EBFBC-0421-4522-AA40-84D66238A19F}.Release|Any CPU.Build.0 = Release|Any CPU
		{01389226-C922-4138-A470-C9C491577467}.Debug|Any CPU.ActiveCfg = Debug|Any CPU
		{01389226-C922-4138-A470-C9C491577467}.Debug|Any CPU.Build.0 = Debug|Any CPU
		{01389226-C922-4138-A470-C9C491577467}.Release|Any CPU.ActiveCfg = Release|Any CPU
		{01389226-C922-4138-A470-C9C491577467}.Release|Any CPU.Build.0 = Release|Any CPU
		{B5FF1497-E462-4979-A3E2-D9913F9BE444}.Debug|Any CPU.ActiveCfg = Debug|Any CPU
		{B5FF1497-E462-4979-A3E2-D9913F9BE444}.Debug|Any CPU.Build.0 = Debug|Any CPU
		{B5FF1497-E462-4979-A3E2-D9913F9BE444}.Release|Any CPU.ActiveCfg = Release|Any CPU
		{B5FF1497-E462-4979-A3E2-D9913F9BE444}.Release|Any CPU.Build.0 = Release|Any CPU
	EndGlobalSection
	GlobalSection(SolutionProperties) = preSolution
		HideSolutionNode = FALSE
	EndGlobalSection
	GlobalSection(ExtensibilityGlobals) = postSolution
		SolutionGuid = {E3964B87-0BD7-419F-8DB2-7D7B19BC9C2D}
	EndGlobalSection
EndGlobal
